Microsoft Visual Studio Solution File, Format Version 12.00
# Visual Studio Version 17
VisualStudioVersion = 17.1.32414.318
MinimumVisualStudioVersion = 10.0.40219.1
Project("{2150E333-8FDC-42A3-9474-1A3956D46DE8}") = "SolutionItems", "SolutionItems", "{BD43E58E-48C2-45A0-A593-1626B877E3E5}"
	ProjectSection(SolutionItems) = preProject
		.gitignore = .gitignore
		CODEOWNERS = CODEOWNERS
		LICENSE = LICENSE
		README.md = README.md
	EndProjectSection
EndProject
Project("{2150E333-8FDC-42A3-9474-1A3956D46DE8}") = "MONOGAME", "MONOGAME", "{E1DF2245-84F5-418F-83FA-B9C69AEF209E}"
EndProject
Project("{2150E333-8FDC-42A3-9474-1A3956D46DE8}") = "FNA", "FNA", "{4F0DDCC6-8C94-465A-ABDD-82714B773115}"
EndProject
Project("{9A19103F-16F7-4668-BE54-9A1E7A4F7556}") = "Velentr.DUAL_SUPPORT.Monogame", "Monogame\Velentr.DUAL_SUPPORT.Monogame\Velentr.DUAL_SUPPORT.Monogame.csproj", "{5C428C81-2A6A-42D1-8DC0-9051BC31E229}"
EndProject
Project("{9A19103F-16F7-4668-BE54-9A1E7A4F7556}") = "Velentr.DUAL_SUPPORT.FNA", "FNA\Velentr.DUAL_SUPPORT.FNA\Velentr.DUAL_SUPPORT.FNA.csproj", "{EBDE9965-CCBE-48BB-ABA9-34E0B1510CF3}"
EndProject
Project("{D954291E-2A0B-460D-934E-DC6B0785DB48}") = "CoreDev", "CoreDev\CoreDev.shproj", "{227895C9-A4FD-43ED-807B-87AF42D69A34}"
EndProject
Project("{D954291E-2A0B-460D-934E-DC6B0785DB48}") = "Velentr.DUAL_SUPPORT", "Velentr.DUAL_SUPPORT\Velentr.DUAL_SUPPORT.shproj", "{2F24BA50-02C7-4C79-A2F3-C6216A5E2508}"
EndProject
Project("{9A19103F-16F7-4668-BE54-9A1E7A4F7556}") = "FNA.Core", "FNA\FNA\FNA.Core.csproj", "{8C26B4DF-732C-4ED1-8F0F-DE53CE09295B}"
EndProject
Project("{9A19103F-16F7-4668-BE54-9A1E7A4F7556}") = "Velentr.DUAL_SUPPORT.Monogame.DevEnv", "Monogame\Velentr.DUAL_SUPPORT.Monogame.DevEnv\Velentr.DUAL_SUPPORT.Monogame.DevEnv.csproj", "{02D76EE9-001A-4C30-B354-7EC9313C74C3}"
EndProject
Project("{9A19103F-16F7-4668-BE54-9A1E7A4F7556}") = "Velentr.DUAL_SUPPORT.FNA.DevEnv", "FNA\Velentr.DUAL_SUPPORT.FNA.DevEnv\Velentr.DUAL_SUPPORT.FNA.DevEnv.csproj", "{B14E2CF9-161E-4838-90BA-8ED7BEF75DB0}"
EndProject
Global
	GlobalSection(SolutionConfigurationPlatforms) = preSolution
		Debug|Any CPU = Debug|Any CPU
		Debug|x64 = Debug|x64
		Debug|x86 = Debug|x86
		Release|Any CPU = Release|Any CPU
		Release|x64 = Release|x64
		Release|x86 = Release|x86
	EndGlobalSection
	GlobalSection(ProjectConfigurationPlatforms) = postSolution
		{5C428C81-2A6A-42D1-8DC0-9051BC31E229}.Debug|Any CPU.ActiveCfg = Debug|Any CPU
		{5C428C81-2A6A-42D1-8DC0-9051BC31E229}.Debug|Any CPU.Build.0 = Debug|Any CPU
		{5C428C81-2A6A-42D1-8DC0-9051BC31E229}.Debug|x64.ActiveCfg = Debug|Any CPU
		{5C428C81-2A6A-42D1-8DC0-9051BC31E229}.Debug|x64.Build.0 = Debug|Any CPU
		{5C428C81-2A6A-42D1-8DC0-9051BC31E229}.Debug|x86.ActiveCfg = Debug|Any CPU
		{5C428C81-2A6A-42D1-8DC0-9051BC31E229}.Debug|x86.Build.0 = Debug|Any CPU
		{5C428C81-2A6A-42D1-8DC0-9051BC31E229}.Release|Any CPU.ActiveCfg = Release|Any CPU
		{5C428C81-2A6A-42D1-8DC0-9051BC31E229}.Release|Any CPU.Build.0 = Release|Any CPU
		{5C428C81-2A6A-42D1-8DC0-9051BC31E229}.Release|x64.ActiveCfg = Release|Any CPU
		{5C428C81-2A6A-42D1-8DC0-9051BC31E229}.Release|x64.Build.0 = Release|Any CPU
		{5C428C81-2A6A-42D1-8DC0-9051BC31E229}.Release|x86.ActiveCfg = Release|Any CPU
		{5C428C81-2A6A-42D1-8DC0-9051BC31E229}.Release|x86.Build.0 = Release|Any CPU
		{EBDE9965-CCBE-48BB-ABA9-34E0B1510CF3}.Debug|Any CPU.ActiveCfg = Debug|Any CPU
		{EBDE9965-CCBE-48BB-ABA9-34E0B1510CF3}.Debug|Any CPU.Build.0 = Debug|Any CPU
		{EBDE9965-CCBE-48BB-ABA9-34E0B1510CF3}.Debug|x64.ActiveCfg = Debug|x64
		{EBDE9965-CCBE-48BB-ABA9-34E0B1510CF3}.Debug|x64.Build.0 = Debug|x64
		{EBDE9965-CCBE-48BB-ABA9-34E0B1510CF3}.Debug|x86.ActiveCfg = Debug|Any CPU
		{EBDE9965-CCBE-48BB-ABA9-34E0B1510CF3}.Debug|x86.Build.0 = Debug|Any CPU
		{EBDE9965-CCBE-48BB-ABA9-34E0B1510CF3}.Release|Any CPU.ActiveCfg = Release|Any CPU
		{EBDE9965-CCBE-48BB-ABA9-34E0B1510CF3}.Release|Any CPU.Build.0 = Release|Any CPU
		{EBDE9965-CCBE-48BB-ABA9-34E0B1510CF3}.Release|x64.ActiveCfg = Release|x64
		{EBDE9965-CCBE-48BB-ABA9-34E0B1510CF3}.Release|x64.Build.0 = Release|x64
		{EBDE9965-CCBE-48BB-ABA9-34E0B1510CF3}.Release|x86.ActiveCfg = Release|Any CPU
		{EBDE9965-CCBE-48BB-ABA9-34E0B1510CF3}.Release|x86.Build.0 = Release|Any CPU
		{8C26B4DF-732C-4ED1-8F0F-DE53CE09295B}.Debug|Any CPU.ActiveCfg = Debug|x64
		{8C26B4DF-732C-4ED1-8F0F-DE53CE09295B}.Debug|Any CPU.Build.0 = Debug|x64
		{8C26B4DF-732C-4ED1-8F0F-DE53CE09295B}.Debug|x64.ActiveCfg = Debug|x64
		{8C26B4DF-732C-4ED1-8F0F-DE53CE09295B}.Debug|x64.Build.0 = Debug|x64
		{8C26B4DF-732C-4ED1-8F0F-DE53CE09295B}.Debug|x86.ActiveCfg = Debug|x64
		{8C26B4DF-732C-4ED1-8F0F-DE53CE09295B}.Debug|x86.Build.0 = Debug|x64
		{8C26B4DF-732C-4ED1-8F0F-DE53CE09295B}.Release|Any CPU.ActiveCfg = Release|x64
		{8C26B4DF-732C-4ED1-8F0F-DE53CE09295B}.Release|Any CPU.Build.0 = Release|x64
		{8C26B4DF-732C-4ED1-8F0F-DE53CE09295B}.Release|x64.ActiveCfg = Release|x64
		{8C26B4DF-732C-4ED1-8F0F-DE53CE09295B}.Release|x64.Build.0 = Release|x64
		{8C26B4DF-732C-4ED1-8F0F-DE53CE09295B}.Release|x86.ActiveCfg = Release|x64
		{8C26B4DF-732C-4ED1-8F0F-DE53CE09295B}.Release|x86.Build.0 = Release|x64
		{02D76EE9-001A-4C30-B354-7EC9313C74C3}.Debug|Any CPU.ActiveCfg = Debug|Any CPU
		{02D76EE9-001A-4C30-B354-7EC9313C74C3}.Debug|Any CPU.Build.0 = Debug|Any CPU
		{02D76EE9-001A-4C30-B354-7EC9313C74C3}.Debug|x64.ActiveCfg = Debug|Any CPU
		{02D76EE9-001A-4C30-B354-7EC9313C74C3}.Debug|x64.Build.0 = Debug|Any CPU
		{02D76EE9-001A-4C30-B354-7EC9313C74C3}.Debug|x86.ActiveCfg = Debug|Any CPU
		{02D76EE9-001A-4C30-B354-7EC9313C74C3}.Debug|x86.Build.0 = Debug|Any CPU
		{02D76EE9-001A-4C30-B354-7EC9313C74C3}.Release|Any CPU.ActiveCfg = Release|Any CPU
		{02D76EE9-001A-4C30-B354-7EC9313C74C3}.Release|Any CPU.Build.0 = Release|Any CPU
		{02D76EE9-001A-4C30-B354-7EC9313C74C3}.Release|x64.ActiveCfg = Release|Any CPU
		{02D76EE9-001A-4C30-B354-7EC9313C74C3}.Release|x64.Build.0 = Release|Any CPU
		{02D76EE9-001A-4C30-B354-7EC9313C74C3}.Release|x86.ActiveCfg = Release|Any CPU
		{02D76EE9-001A-4C30-B354-7EC9313C74C3}.Release|x86.Build.0 = Release|Any CPU
		{B14E2CF9-161E-4838-90BA-8ED7BEF75DB0}.Debug|Any CPU.ActiveCfg = Debug|x64
		{B14E2CF9-161E-4838-90BA-8ED7BEF75DB0}.Debug|Any CPU.Build.0 = Debug|x64
		{B14E2CF9-161E-4838-90BA-8ED7BEF75DB0}.Debug|x64.ActiveCfg = Debug|x64
		{B14E2CF9-161E-4838-90BA-8ED7BEF75DB0}.Debug|x64.Build.0 = Debug|x64
		{B14E2CF9-161E-4838-90BA-8ED7BEF75DB0}.Debug|x86.ActiveCfg = Debug|x64
		{B14E2CF9-161E-4838-90BA-8ED7BEF75DB0}.Debug|x86.Build.0 = Debug|x64
		{B14E2CF9-161E-4838-90BA-8ED7BEF75DB0}.Release|Any CPU.ActiveCfg = Release|x64
		{B14E2CF9-161E-4838-90BA-8ED7BEF75DB0}.Release|Any CPU.Build.0 = Release|x64
		{B14E2CF9-161E-4838-90BA-8ED7BEF75DB0}.Release|x64.ActiveCfg = Release|x64
		{B14E2CF9-161E-4838-90BA-8ED7BEF75DB0}.Release|x64.Build.0 = Release|x64
		{B14E2CF9-161E-4838-90BA-8ED7BEF75DB0}.Release|x86.ActiveCfg = Release|x64
		{B14E2CF9-161E-4838-90BA-8ED7BEF75DB0}.Release|x86.Build.0 = Release|x64
	EndGlobalSection
	GlobalSection(SolutionProperties) = preSolution
		HideSolutionNode = FALSE
	EndGlobalSection
	GlobalSection(NestedProjects) = preSolution
		{5C428C81-2A6A-42D1-8DC0-9051BC31E229} = {E1DF2245-84F5-418F-83FA-B9C69AEF209E}
		{EBDE9965-CCBE-48BB-ABA9-34E0B1510CF3} = {4F0DDCC6-8C94-465A-ABDD-82714B773115}
		{8C26B4DF-732C-4ED1-8F0F-DE53CE09295B} = {4F0DDCC6-8C94-465A-ABDD-82714B773115}
		{02D76EE9-001A-4C30-B354-7EC9313C74C3} = {E1DF2245-84F5-418F-83FA-B9C69AEF209E}
		{B14E2CF9-161E-4838-90BA-8ED7BEF75DB0} = {4F0DDCC6-8C94-465A-ABDD-82714B773115}
	EndGlobalSection
	GlobalSection(ExtensibilityGlobals) = postSolution
		SolutionGuid = {4ea5abe1-bd58-49f2-a70d-89d5043fe486}
	EndGlobalSection
	GlobalSection(SharedMSBuildProjectFiles) = preSolution
		CoreDev\CoreDev.projitems*{02d76ee9-001a-4c30-b354-7ec9313c74c3}*SharedItemsImports = 5
		CoreDev\CoreDev.projitems*{227895c9-a4fd-43ed-807b-87af42d69a34}*SharedItemsImports = 13
		Velentr.DUAL_SUPPORT\Velentr.DUAL_SUPPORT.projitems*{2f24ba50-02c7-4c79-a2f3-c6216a5e2508}*SharedItemsImports = 13
		Velentr.DUAL_SUPPORT\Velentr.DUAL_SUPPORT.projitems*{5c428c81-2a6a-42d1-8dc0-9051bc31e229}*SharedItemsImports = 5
		CoreDev\CoreDev.projitems*{b14e2cf9-161e-4838-90ba-8ed7bef75db0}*SharedItemsImports = 5
		Velentr.DUAL_SUPPORT\Velentr.DUAL_SUPPORT.projitems*{ebde9965-ccbe-48bb-aba9-34e0b1510cf3}*SharedItemsImports = 5
	EndGlobalSection
EndGlobal
