
Microsoft Visual Studio Solution File, Format Version 12.00
# Visual Studio Version 17
VisualStudioVersion = 17.1.32414.318
MinimumVisualStudioVersion = 10.0.40219.1
Project("{2150E333-8FDC-42A3-9474-1A3956D46DE8}") = "SolutionItems", "SolutionItems", "{GUID01}"
	ProjectSection(SolutionItems) = preProject
		CODEOWNERS = CODEOWNERS
		LICENSE = LICENSE
		README.md = README.md
	EndProjectSection
EndProject
Project("{9A19103F-16F7-4668-BE54-9A1E7A4F7556}") = "[SOLUTIONNAME]", "[SOLUTIONNAME]\[SOLUTIONNAME].csproj", "{GUID02}"
EndProject
Project("{9A19103F-16F7-4668-BE54-9A1E7A4F7556}") = "[SOLUTIONNAME].Test", "[SOLUTIONNAME].Test\[SOLUTIONNAME].Test.csproj", "{GUID03}"
EndProject
Project("{9A19103F-16F7-4668-BE54-9A1E7A4F7556}") = "[SOLUTIONNAME].Dev", "[SOLUTIONNAME].Dev\[SOLUTIONNAME].Dev.csproj", "{GUID04}"
EndProject
Global
	GlobalSection(SolutionConfigurationPlatforms) = preSolution
		Debug|Any CPU = Debug|Any CPU
		Release|Any CPU = Release|Any CPU
	EndGlobalSection
	GlobalSection(ProjectConfigurationPlatforms) = postSolution
		{GUID02}.Debug|Any CPU.ActiveCfg = Debug|Any CPU
		{GUID02}.Debug|Any CPU.Build.0 = Debug|Any CPU
		{GUID02}.Release|Any CPU.ActiveCfg = Release|Any CPU
		{GUID02}.Release|Any CPU.Build.0 = Release|Any CPU
		{GUID03}.Debug|Any CPU.ActiveCfg = Debug|Any CPU
		{GUID03}.Debug|Any CPU.Build.0 = Debug|Any CPU
		{GUID03}.Release|Any CPU.ActiveCfg = Release|Any CPU
		{GUID03}.Release|Any CPU.Build.0 = Release|Any CPU
		{GUID04}.Debug|Any CPU.ActiveCfg = Debug|Any CPU
		{GUID04}.Debug|Any CPU.Build.0 = Debug|Any CPU
		{GUID04}.Release|Any CPU.ActiveCfg = Release|Any CPU
		{GUID04}.Release|Any CPU.Build.0 = Release|Any CPU
	EndGlobalSection
	GlobalSection(SolutionProperties) = preSolution
		HideSolutionNode = FALSE
	EndGlobalSection
	GlobalSection(ExtensibilityGlobals) = postSolution
		SolutionGuid = {GUID05}
	EndGlobalSection
EndGlobal
