Microsoft Visual Studio Solution File, Format Version 12.00
# Visual Studio Version 17
VisualStudioVersion = 17.1.32414.318
MinimumVisualStudioVersion = 10.0.40219.1
Project("{2150E333-8FDC-42A3-9474-1A3956D46DE8}") = "SolutionItems", "SolutionItems", "{08D32A2A-6F8A-4B7E-82A2-0D97ADBC65FE}"
	ProjectSection(SolutionItems) = preProject
		CODEOWNERS = CODEOWNERS
		LICENSE = LICENSE
		README.md = README.md
	EndProjectSection
EndProject
Project("{9A19103F-16F7-4668-BE54-9A1E7A4F7556}") = "Velentr.BASE.Test", "Velentr.BASE.Test\Velentr.BASE.Test.csproj", "{515AFC7E-4D60-4A1E-BADE-B95A3626CA3B}"
EndProject
Project("{9A19103F-16F7-4668-BE54-9A1E7A4F7556}") = "Velentr.BASE.Dev", "Velentr.BASE.Dev\Velentr.BASE.Dev.csproj", "{7B3CD48C-7DE4-4144-911D-F9E64AE5A272}"
EndProject
Project("{2150E333-8FDC-42A3-9474-1A3956D46DE8}") = "DEVTEST", "DEVTEST", "{A81AE9A8-3F5D-4776-9F0B-5DEB90AD3D8F}"
EndProject
Project("{9A19103F-16F7-4668-BE54-9A1E7A4F7556}") = "Velentr.BASE", "Velentr.BASE\Velentr.BASE.csproj", "{38CD0342-AF5B-4BB0-8A4E-679B8E0D3658}"
EndProject
Global
	GlobalSection(SolutionConfigurationPlatforms) = preSolution
		Debug|Any CPU = Debug|Any CPU
		Release|Any CPU = Release|Any CPU
	EndGlobalSection
	GlobalSection(ProjectConfigurationPlatforms) = postSolution
		{515AFC7E-4D60-4A1E-BADE-B95A3626CA3B}.Debug|Any CPU.ActiveCfg = Debug|Any CPU
		{515AFC7E-4D60-4A1E-BADE-B95A3626CA3B}.Debug|Any CPU.Build.0 = Debug|Any CPU
		{515AFC7E-4D60-4A1E-BADE-B95A3626CA3B}.Release|Any CPU.ActiveCfg = Release|Any CPU
		{515AFC7E-4D60-4A1E-BADE-B95A3626CA3B}.Release|Any CPU.Build.0 = Release|Any CPU
		{7B3CD48C-7DE4-4144-911D-F9E64AE5A272}.Debug|Any CPU.ActiveCfg = Debug|Any CPU
		{7B3CD48C-7DE4-4144-911D-F9E64AE5A272}.Debug|Any CPU.Build.0 = Debug|Any CPU
		{7B3CD48C-7DE4-4144-911D-F9E64AE5A272}.Release|Any CPU.ActiveCfg = Release|Any CPU
		{7B3CD48C-7DE4-4144-911D-F9E64AE5A272}.Release|Any CPU.Build.0 = Release|Any CPU
		{38CD0342-AF5B-4BB0-8A4E-679B8E0D3658}.Debug|Any CPU.ActiveCfg = Debug|Any CPU
		{38CD0342-AF5B-4BB0-8A4E-679B8E0D3658}.Debug|Any CPU.Build.0 = Debug|Any CPU
		{38CD0342-AF5B-4BB0-8A4E-679B8E0D3658}.Release|Any CPU.ActiveCfg = Release|Any CPU
		{38CD0342-AF5B-4BB0-8A4E-679B8E0D3658}.Release|Any CPU.Build.0 = Release|Any CPU
	EndGlobalSection
	GlobalSection(SolutionProperties) = preSolution
		HideSolutionNode = FALSE
	EndGlobalSection
	GlobalSection(NestedProjects) = preSolution
		{515AFC7E-4D60-4A1E-BADE-B95A3626CA3B} = {A81AE9A8-3F5D-4776-9F0B-5DEB90AD3D8F}
		{7B3CD48C-7DE4-4144-911D-F9E64AE5A272} = {A81AE9A8-3F5D-4776-9F0B-5DEB90AD3D8F}
	EndGlobalSection
	GlobalSection(ExtensibilityGlobals) = postSolution
		SolutionGuid = {GUID05}
	EndGlobalSection
EndGlobal
