Microsoft Visual Studio Solution File, Format Version 12.00
# Visual Studio Version 17
VisualStudioVersion = 17.1.32414.318
MinimumVisualStudioVersion = 10.0.40219.1
Project("{2150E333-8FDC-42A3-9474-1A3956D46DE8}") = "SolutionItems", "SolutionItems", "{444AF1FF-0258-474E-BE69-7F95515B735F}"
	ProjectSection(SolutionItems) = preProject
		.gitignore = .gitignore
		CODEOWNERS = CODEOWNERS
		LICENSE = LICENSE
		README.md = README.md
	EndProjectSection
EndProject
Project("{2150E333-8FDC-42A3-9474-1A3956D46DE8}") = "MONOGAME", "MONOGAME", "{E3FDD931-6025-4A79-A99A-022F32A280BD}"
EndProject
Project("{2150E333-8FDC-42A3-9474-1A3956D46DE8}") = "FNA", "FNA", "{D917187A-5F98-4E8E-A655-F27F2D153A3D}"
EndProject
Project("{9A19103F-16F7-4668-BE54-9A1E7A4F7556}") = "Velentr.GENERIC_DUAL_SUPPORT", "Velentr.GENERIC_DUAL_SUPPORT\Velentr.GENERIC_DUAL_SUPPORT.csproj", "{87DEDF7E-887D-46E6-88BE-42A3875D5491}"
EndProject
Project("{9A19103F-16F7-4668-BE54-9A1E7A4F7556}") = "Velentr.GENERIC_DUAL_SUPPORT.Test", "Velentr.GENERIC_DUAL_SUPPORT.Test\Velentr.GENERIC_DUAL_SUPPORT.Test.csproj", "{12FB77D9-B173-48D2-947D-7709D70951E4}"
EndProject
Project("{9A19103F-16F7-4668-BE54-9A1E7A4F7556}") = "Velentr.GENERIC_DUAL_SUPPORT.Monogame", "Monogame\Velentr.GENERIC_DUAL_SUPPORT.Monogame\Velentr.GENERIC_DUAL_SUPPORT.Monogame.csproj", "{D33F39DC-72F2-4CD0-99A5-934A20B8196D}"
EndProject
Project("{9A19103F-16F7-4668-BE54-9A1E7A4F7556}") = "Velentr.GENERIC_DUAL_SUPPORT.FNA", "FNA\Velentr.GENERIC_DUAL_SUPPORT.FNA\Velentr.GENERIC_DUAL_SUPPORT.FNA.csproj", "{48E91AB7-5D33-4167-ACB8-26ADC61E9720}"
EndProject
Project("{D954291E-2A0B-460D-934E-DC6B0785DB48}") = "CoreDev", "CoreDev\CoreDev.shproj", "{227895C9-A4FD-43ED-807B-87AF42D69A34}"
EndProject
Project("{D954291E-2A0B-460D-934E-DC6B0785DB48}") = "Velentr.GENERIC_DUAL_SUPPORT.Shared", "Velentr.GENERIC_DUAL_SUPPORT.Shared\Velentr.GENERIC_DUAL_SUPPORT.Shared.shproj", "{2F24BA50-02C7-4C79-A2F3-C6216A5E2508}"
EndProject
Project("{9A19103F-16F7-4668-BE54-9A1E7A4F7556}") = "FNA.Core", "FNA\FNA\FNA.Core.csproj", "{D86B0579-8A30-4C3C-A63B-FF01E4BA1502}"
EndProject
Project("{9A19103F-16F7-4668-BE54-9A1E7A4F7556}") = "Velentr.GENERIC_DUAL_SUPPORT.FNA.DevEnv", "FNA\Velentr.GENERIC_DUAL_SUPPORT.FNA.DevEnv\Velentr.GENERIC_DUAL_SUPPORT.FNA.DevEnv.csproj", "{01E61754-9A6B-4342-9510-E11FAC2AD12B}"
EndProject
Project("{9A19103F-16F7-4668-BE54-9A1E7A4F7556}") = "Velentr.GENERIC_DUAL_SUPPORT.Monogame.DevEnv", "Monogame\Velentr.GENERIC_DUAL_SUPPORT.Monogame.DevEnv\Velentr.GENERIC_DUAL_SUPPORT.Monogame.DevEnv.csproj", "{0E0DC599-415E-46A2-9337-66827322026E}"
EndProject
Global
	GlobalSection(SolutionConfigurationPlatforms) = preSolution
		Debug|Any CPU = Debug|Any CPU
		Debug|x64 = Debug|x64
		Debug|x86 = Debug|x86
		Release|Any CPU = Release|Any CPU
		Release|x64 = Release|x64
		Release|x86 = Release|x86
	EndGlobalSection
	GlobalSection(ProjectConfigurationPlatforms) = postSolution
		{87DEDF7E-887D-46E6-88BE-42A3875D5491}.Debug|Any CPU.ActiveCfg = Debug|Any CPU
		{87DEDF7E-887D-46E6-88BE-42A3875D5491}.Debug|Any CPU.Build.0 = Debug|Any CPU
		{87DEDF7E-887D-46E6-88BE-42A3875D5491}.Debug|x64.ActiveCfg = Debug|Any CPU
		{87DEDF7E-887D-46E6-88BE-42A3875D5491}.Debug|x64.Build.0 = Debug|Any CPU
		{87DEDF7E-887D-46E6-88BE-42A3875D5491}.Debug|x86.ActiveCfg = Debug|Any CPU
		{87DEDF7E-887D-46E6-88BE-42A3875D5491}.Debug|x86.Build.0 = Debug|Any CPU
		{87DEDF7E-887D-46E6-88BE-42A3875D5491}.Release|Any CPU.ActiveCfg = Release|Any CPU
		{87DEDF7E-887D-46E6-88BE-42A3875D5491}.Release|Any CPU.Build.0 = Release|Any CPU
		{87DEDF7E-887D-46E6-88BE-42A3875D5491}.Release|x64.ActiveCfg = Release|Any CPU
		{87DEDF7E-887D-46E6-88BE-42A3875D5491}.Release|x64.Build.0 = Release|Any CPU
		{87DEDF7E-887D-46E6-88BE-42A3875D5491}.Release|x86.ActiveCfg = Release|Any CPU
		{87DEDF7E-887D-46E6-88BE-42A3875D5491}.Release|x86.Build.0 = Release|Any CPU
		{12FB77D9-B173-48D2-947D-7709D70951E4}.Debug|Any CPU.ActiveCfg = Debug|Any CPU
		{12FB77D9-B173-48D2-947D-7709D70951E4}.Debug|Any CPU.Build.0 = Debug|Any CPU
		{12FB77D9-B173-48D2-947D-7709D70951E4}.Debug|x64.ActiveCfg = Debug|Any CPU
		{12FB77D9-B173-48D2-947D-7709D70951E4}.Debug|x64.Build.0 = Debug|Any CPU
		{12FB77D9-B173-48D2-947D-7709D70951E4}.Debug|x86.ActiveCfg = Debug|Any CPU
		{12FB77D9-B173-48D2-947D-7709D70951E4}.Debug|x86.Build.0 = Debug|Any CPU
		{12FB77D9-B173-48D2-947D-7709D70951E4}.Release|Any CPU.ActiveCfg = Release|Any CPU
		{12FB77D9-B173-48D2-947D-7709D70951E4}.Release|Any CPU.Build.0 = Release|Any CPU
		{12FB77D9-B173-48D2-947D-7709D70951E4}.Release|x64.ActiveCfg = Release|Any CPU
		{12FB77D9-B173-48D2-947D-7709D70951E4}.Release|x64.Build.0 = Release|Any CPU
		{12FB77D9-B173-48D2-947D-7709D70951E4}.Release|x86.ActiveCfg = Release|Any CPU
		{12FB77D9-B173-48D2-947D-7709D70951E4}.Release|x86.Build.0 = Release|Any CPU
		{D33F39DC-72F2-4CD0-99A5-934A20B8196D}.Debug|Any CPU.ActiveCfg = Debug|Any CPU
		{D33F39DC-72F2-4CD0-99A5-934A20B8196D}.Debug|Any CPU.Build.0 = Debug|Any CPU
		{D33F39DC-72F2-4CD0-99A5-934A20B8196D}.Debug|x64.ActiveCfg = Debug|Any CPU
		{D33F39DC-72F2-4CD0-99A5-934A20B8196D}.Debug|x64.Build.0 = Debug|Any CPU
		{D33F39DC-72F2-4CD0-99A5-934A20B8196D}.Debug|x86.ActiveCfg = Debug|Any CPU
		{D33F39DC-72F2-4CD0-99A5-934A20B8196D}.Debug|x86.Build.0 = Debug|Any CPU
		{D33F39DC-72F2-4CD0-99A5-934A20B8196D}.Release|Any CPU.ActiveCfg = Release|Any CPU
		{D33F39DC-72F2-4CD0-99A5-934A20B8196D}.Release|Any CPU.Build.0 = Release|Any CPU
		{D33F39DC-72F2-4CD0-99A5-934A20B8196D}.Release|x64.ActiveCfg = Release|Any CPU
		{D33F39DC-72F2-4CD0-99A5-934A20B8196D}.Release|x64.Build.0 = Release|Any CPU
		{D33F39DC-72F2-4CD0-99A5-934A20B8196D}.Release|x86.ActiveCfg = Release|Any CPU
		{D33F39DC-72F2-4CD0-99A5-934A20B8196D}.Release|x86.Build.0 = Release|Any CPU
		{48E91AB7-5D33-4167-ACB8-26ADC61E9720}.Debug|Any CPU.ActiveCfg = Debug|Any CPU
		{48E91AB7-5D33-4167-ACB8-26ADC61E9720}.Debug|Any CPU.Build.0 = Debug|Any CPU
		{48E91AB7-5D33-4167-ACB8-26ADC61E9720}.Debug|x64.ActiveCfg = Debug|x64
		{48E91AB7-5D33-4167-ACB8-26ADC61E9720}.Debug|x64.Build.0 = Debug|x64
		{48E91AB7-5D33-4167-ACB8-26ADC61E9720}.Debug|x86.ActiveCfg = Debug|Any CPU
		{48E91AB7-5D33-4167-ACB8-26ADC61E9720}.Debug|x86.Build.0 = Debug|Any CPU
		{48E91AB7-5D33-4167-ACB8-26ADC61E9720}.Release|Any CPU.ActiveCfg = Release|Any CPU
		{48E91AB7-5D33-4167-ACB8-26ADC61E9720}.Release|Any CPU.Build.0 = Release|Any CPU
		{48E91AB7-5D33-4167-ACB8-26ADC61E9720}.Release|x64.ActiveCfg = Release|x64
		{48E91AB7-5D33-4167-ACB8-26ADC61E9720}.Release|x64.Build.0 = Release|x64
		{48E91AB7-5D33-4167-ACB8-26ADC61E9720}.Release|x86.ActiveCfg = Release|Any CPU
		{48E91AB7-5D33-4167-ACB8-26ADC61E9720}.Release|x86.Build.0 = Release|Any CPU
		{D86B0579-8A30-4C3C-A63B-FF01E4BA1502}.Debug|Any CPU.ActiveCfg = Debug|x64
		{D86B0579-8A30-4C3C-A63B-FF01E4BA1502}.Debug|Any CPU.Build.0 = Debug|x64
		{D86B0579-8A30-4C3C-A63B-FF01E4BA1502}.Debug|x64.ActiveCfg = Debug|x64
		{D86B0579-8A30-4C3C-A63B-FF01E4BA1502}.Debug|x64.Build.0 = Debug|x64
		{D86B0579-8A30-4C3C-A63B-FF01E4BA1502}.Debug|x86.ActiveCfg = Debug|x64
		{D86B0579-8A30-4C3C-A63B-FF01E4BA1502}.Debug|x86.Build.0 = Debug|x64
		{D86B0579-8A30-4C3C-A63B-FF01E4BA1502}.Release|Any CPU.ActiveCfg = Release|x64
		{D86B0579-8A30-4C3C-A63B-FF01E4BA1502}.Release|Any CPU.Build.0 = Release|x64
		{D86B0579-8A30-4C3C-A63B-FF01E4BA1502}.Release|x64.ActiveCfg = Release|x64
		{D86B0579-8A30-4C3C-A63B-FF01E4BA1502}.Release|x64.Build.0 = Release|x64
		{D86B0579-8A30-4C3C-A63B-FF01E4BA1502}.Release|x86.ActiveCfg = Release|x64
		{D86B0579-8A30-4C3C-A63B-FF01E4BA1502}.Release|x86.Build.0 = Release|x64
		{01E61754-9A6B-4342-9510-E11FAC2AD12B}.Debug|Any CPU.ActiveCfg = Debug|x64
		{01E61754-9A6B-4342-9510-E11FAC2AD12B}.Debug|Any CPU.Build.0 = Debug|x64
		{01E61754-9A6B-4342-9510-E11FAC2AD12B}.Debug|x64.ActiveCfg = Debug|x64
		{01E61754-9A6B-4342-9510-E11FAC2AD12B}.Debug|x64.Build.0 = Debug|x64
		{01E61754-9A6B-4342-9510-E11FAC2AD12B}.Debug|x86.ActiveCfg = Debug|x64
		{01E61754-9A6B-4342-9510-E11FAC2AD12B}.Debug|x86.Build.0 = Debug|x64
		{01E61754-9A6B-4342-9510-E11FAC2AD12B}.Release|Any CPU.ActiveCfg = Release|x64
		{01E61754-9A6B-4342-9510-E11FAC2AD12B}.Release|Any CPU.Build.0 = Release|x64
		{01E61754-9A6B-4342-9510-E11FAC2AD12B}.Release|x64.ActiveCfg = Release|x64
		{01E61754-9A6B-4342-9510-E11FAC2AD12B}.Release|x64.Build.0 = Release|x64
		{01E61754-9A6B-4342-9510-E11FAC2AD12B}.Release|x86.ActiveCfg = Release|x64
		{01E61754-9A6B-4342-9510-E11FAC2AD12B}.Release|x86.Build.0 = Release|x64
		{0E0DC599-415E-46A2-9337-66827322026E}.Debug|Any CPU.ActiveCfg = Debug|Any CPU
		{0E0DC599-415E-46A2-9337-66827322026E}.Debug|Any CPU.Build.0 = Debug|Any CPU
		{0E0DC599-415E-46A2-9337-66827322026E}.Debug|x64.ActiveCfg = Debug|Any CPU
		{0E0DC599-415E-46A2-9337-66827322026E}.Debug|x64.Build.0 = Debug|Any CPU
		{0E0DC599-415E-46A2-9337-66827322026E}.Debug|x86.ActiveCfg = Debug|Any CPU
		{0E0DC599-415E-46A2-9337-66827322026E}.Debug|x86.Build.0 = Debug|Any CPU
		{0E0DC599-415E-46A2-9337-66827322026E}.Release|Any CPU.ActiveCfg = Release|Any CPU
		{0E0DC599-415E-46A2-9337-66827322026E}.Release|Any CPU.Build.0 = Release|Any CPU
		{0E0DC599-415E-46A2-9337-66827322026E}.Release|x64.ActiveCfg = Release|Any CPU
		{0E0DC599-415E-46A2-9337-66827322026E}.Release|x64.Build.0 = Release|Any CPU
		{0E0DC599-415E-46A2-9337-66827322026E}.Release|x86.ActiveCfg = Release|Any CPU
		{0E0DC599-415E-46A2-9337-66827322026E}.Release|x86.Build.0 = Release|Any CPU
	EndGlobalSection
	GlobalSection(SolutionProperties) = preSolution
		HideSolutionNode = FALSE
	EndGlobalSection
	GlobalSection(NestedProjects) = preSolution
		{D33F39DC-72F2-4CD0-99A5-934A20B8196D} = {E3FDD931-6025-4A79-A99A-022F32A280BD}
		{48E91AB7-5D33-4167-ACB8-26ADC61E9720} = {D917187A-5F98-4E8E-A655-F27F2D153A3D}
		{D86B0579-8A30-4C3C-A63B-FF01E4BA1502} = {D917187A-5F98-4E8E-A655-F27F2D153A3D}
		{01E61754-9A6B-4342-9510-E11FAC2AD12B} = {D917187A-5F98-4E8E-A655-F27F2D153A3D}
		{0E0DC599-415E-46A2-9337-66827322026E} = {E3FDD931-6025-4A79-A99A-022F32A280BD}
	EndGlobalSection
	GlobalSection(ExtensibilityGlobals) = postSolution
		SolutionGuid = {3f727748-75d3-47ba-8ebf-54e0bd5c81fc}
	EndGlobalSection
	GlobalSection(SharedMSBuildProjectFiles) = preSolution
		CoreDev\CoreDev.projitems*{01e61754-9a6b-4342-9510-e11fac2ad12b}*SharedItemsImports = 5
		CoreDev\CoreDev.projitems*{0e0dc599-415e-46a2-9337-66827322026e}*SharedItemsImports = 5
		CoreDev\CoreDev.projitems*{227895c9-a4fd-43ed-807b-87af42d69a34}*SharedItemsImports = 13
		Velentr.GENERIC_DUAL_SUPPORT.Shared\Velentr.GENERIC_DUAL_SUPPORT.Shared.projitems*{2f24ba50-02c7-4c79-a2f3-c6216a5e2508}*SharedItemsImports = 13
		Velentr.GENERIC_DUAL_SUPPORT.Shared\Velentr.GENERIC_DUAL_SUPPORT.Shared.projitems*{48e91ab7-5d33-4167-acb8-26adc61e9720}*SharedItemsImports = 5
		Velentr.GENERIC_DUAL_SUPPORT.Shared\Velentr.GENERIC_DUAL_SUPPORT.Shared.projitems*{d33f39dc-72f2-4cd0-99a5-934a20b8196d}*SharedItemsImports = 5
	EndGlobalSection
EndGlobal
